
Microsoft Visual Studio Solution File, Format Version 12.00
# Visual Studio 2012
Project("{FAE04EC0-301F-11D3-BF4B-00C04F79EFBC}") = "Dock_BD_Tester", "Dock_BD_Tester\Dock_BD_Tester.csproj", "{3ED77531-5A31-472E-99D1-BCB3B319E041}"
EndProject
Global
	GlobalSection(SolutionConfigurationPlatforms) = preSolution
		Debug|Any CPU = Debug|Any CPU
		Release|Any CPU = Release|Any CPU
	EndGlobalSection
	GlobalSection(ProjectConfigurationPlatforms) = postSolution
		{3ED77531-5A31-472E-99D1-BCB3B319E041}.Debug|Any CPU.ActiveCfg = Debug|Any CPU
		{3ED77531-5A31-472E-99D1-BCB3B319E041}.Debug|Any CPU.Build.0 = Debug|Any CPU
		{3ED77531-5A31-472E-99D1-BCB3B319E041}.Release|Any CPU.ActiveCfg = Release|Any CPU
		{3ED77531-5A31-472E-99D1-BCB3B319E041}.Release|Any CPU.Build.0 = Release|Any CPU
	EndGlobalSection
	GlobalSection(SolutionProperties) = preSolution
		HideSolutionNode = FALSE
	EndGlobalSection
EndGlobal
